// !$*UTF8*$!
{
	archiveVersion = 1;
	classes = {
	};
	objectVersion = 48;
	objects = {

/* Begin PBXBuildFile section */
		4A30734520CF73EA00ABB135 /* Assets.xcassets in Resources */ = {isa = PBXBuildFile; fileRef = 4A30734420CF73EA00ABB135 /* Assets.xcassets */; };
		4A30734820CF73EA00ABB135 /* LaunchScreen.storyboard in Resources */ = {isa = PBXBuildFile; fileRef = 4A30734620CF73EA00ABB135 /* LaunchScreen.storyboard */; };
		4A30735620CF741F00ABB135 /* AppDelegate.swift in Sources */ = {isa = PBXBuildFile; fileRef = 4A30734F20CF741F00ABB135 /* AppDelegate.swift */; };
		4A30735720CF741F00ABB135 /* CCImagePreviewController.swift in Sources */ = {isa = PBXBuildFile; fileRef = 4A30735020CF741F00ABB135 /* CCImagePreviewController.swift */; };
		4A30735820CF741F00ABB135 /* CCImage.swift in Sources */ = {isa = PBXBuildFile; fileRef = 4A30735120CF741F00ABB135 /* CCImage.swift */; };
		4A30735920CF741F00ABB135 /* CCImagePreviewCell.swift in Sources */ = {isa = PBXBuildFile; fileRef = 4A30735220CF741F00ABB135 /* CCImagePreviewCell.swift */; };
		4A30735A20CF741F00ABB135 /* CCImagePreviewCollection.swift in Sources */ = {isa = PBXBuildFile; fileRef = 4A30735320CF741F00ABB135 /* CCImagePreviewCollection.swift */; };
		4A30735F20CFAAC100ABB135 /* CCImagePreviewCell+SDWebImage.swift in Sources */ = {isa = PBXBuildFile; fileRef = 4A30735E20CFAAC100ABB135 /* CCImagePreviewCell+SDWebImage.swift */; };
		4AA5382220D2546800EF65F2 /* ViewController.swift in Sources */ = {isa = PBXBuildFile; fileRef = 4AA5382120D2546800EF65F2 /* ViewController.swift */; };
		4AA5382420D2547900EF65F2 /* Main.storyboard in Resources */ = {isa = PBXBuildFile; fileRef = 4AA5382320D2547900EF65F2 /* Main.storyboard */; };
		4AFDC00120D51D1100359772 /* CCImagePreviewTransition.swift in Sources */ = {isa = PBXBuildFile; fileRef = 4AFDC00020D51D1100359772 /* CCImagePreviewTransition.swift */; };
		7D6CF239F13031B7C2756EE6 /* Pods_CCImagePreview.framework in Frameworks */ = {isa = PBXBuildFile; fileRef = 7A7BC7662B1381856C42DE2A /* Pods_CCImagePreview.framework */; };
/* End PBXBuildFile section */

/* Begin PBXFileReference section */
		4A30733A20CF73EA00ABB135 /* CCImagePreview.app */ = {isa = PBXFileReference; explicitFileType = wrapper.application; includeInIndex = 0; path = CCImagePreview.app; sourceTree = BUILT_PRODUCTS_DIR; };
		4A30734420CF73EA00ABB135 /* Assets.xcassets */ = {isa = PBXFileReference; lastKnownFileType = folder.assetcatalog; path = Assets.xcassets; sourceTree = "<group>"; };
		4A30734720CF73EA00ABB135 /* Base */ = {isa = PBXFileReference; lastKnownFileType = file.storyboard; name = Base; path = Base.lproj/LaunchScreen.storyboard; sourceTree = "<group>"; };
		4A30734920CF73EA00ABB135 /* Info.plist */ = {isa = PBXFileReference; lastKnownFileType = text.plist.xml; path = Info.plist; sourceTree = "<group>"; };
		4A30734F20CF741F00ABB135 /* AppDelegate.swift */ = {isa = PBXFileReference; fileEncoding = 4; lastKnownFileType = sourcecode.swift; path = AppDelegate.swift; sourceTree = "<group>"; };
		4A30735020CF741F00ABB135 /* CCImagePreviewController.swift */ = {isa = PBXFileReference; fileEncoding = 4; lastKnownFileType = sourcecode.swift; path = CCImagePreviewController.swift; sourceTree = "<group>"; };
		4A30735120CF741F00ABB135 /* CCImage.swift */ = {isa = PBXFileReference; fileEncoding = 4; lastKnownFileType = sourcecode.swift; path = CCImage.swift; sourceTree = "<group>"; };
		4A30735220CF741F00ABB135 /* CCImagePreviewCell.swift */ = {isa = PBXFileReference; fileEncoding = 4; lastKnownFileType = sourcecode.swift; path = CCImagePreviewCell.swift; sourceTree = "<group>"; };
		4A30735320CF741F00ABB135 /* CCImagePreviewCollection.swift */ = {isa = PBXFileReference; fileEncoding = 4; lastKnownFileType = sourcecode.swift; path = CCImagePreviewCollection.swift; sourceTree = "<group>"; };
		4A30735E20CFAAC100ABB135 /* CCImagePreviewCell+SDWebImage.swift */ = {isa = PBXFileReference; lastKnownFileType = sourcecode.swift; path = "CCImagePreviewCell+SDWebImage.swift"; sourceTree = "<group>"; };
		4AA5382120D2546800EF65F2 /* ViewController.swift */ = {isa = PBXFileReference; lastKnownFileType = sourcecode.swift; path = ViewController.swift; sourceTree = "<group>"; };
		4AA5382320D2547900EF65F2 /* Main.storyboard */ = {isa = PBXFileReference; lastKnownFileType = file.storyboard; path = Main.storyboard; sourceTree = "<group>"; };
		4AFDC00020D51D1100359772 /* CCImagePreviewTransition.swift */ = {isa = PBXFileReference; lastKnownFileType = sourcecode.swift; path = CCImagePreviewTransition.swift; sourceTree = "<group>"; };
		7A7BC7662B1381856C42DE2A /* Pods_CCImagePreview.framework */ = {isa = PBXFileReference; explicitFileType = wrapper.framework; includeInIndex = 0; path = Pods_CCImagePreview.framework; sourceTree = BUILT_PRODUCTS_DIR; };
		814DD8BAA05FC098B05F4844 /* Pods-CCImagePreview.release.xcconfig */ = {isa = PBXFileReference; includeInIndex = 1; lastKnownFileType = text.xcconfig; name = "Pods-CCImagePreview.release.xcconfig"; path = "Pods/Target Support Files/Pods-CCImagePreview/Pods-CCImagePreview.release.xcconfig"; sourceTree = "<group>"; };
		96945CB9C256316F260A62F3 /* Pods-CCImagePreview.debug.xcconfig */ = {isa = PBXFileReference; includeInIndex = 1; lastKnownFileType = text.xcconfig; name = "Pods-CCImagePreview.debug.xcconfig"; path = "Pods/Target Support Files/Pods-CCImagePreview/Pods-CCImagePreview.debug.xcconfig"; sourceTree = "<group>"; };
/* End PBXFileReference section */

/* Begin PBXFrameworksBuildPhase section */
		4A30733720CF73EA00ABB135 /* Frameworks */ = {
			isa = PBXFrameworksBuildPhase;
			buildActionMask = 2147483647;
			files = (
				7D6CF239F13031B7C2756EE6 /* Pods_CCImagePreview.framework in Frameworks */,
			);
			runOnlyForDeploymentPostprocessing = 0;
		};
/* End PBXFrameworksBuildPhase section */

/* Begin PBXGroup section */
		46D8D63A82B06FBB05D6907D /* Frameworks */ = {
			isa = PBXGroup;
			children = (
				7A7BC7662B1381856C42DE2A /* Pods_CCImagePreview.framework */,
			);
			name = Frameworks;
			sourceTree = "<group>";
		};
		4A30733120CF73EA00ABB135 = {
			isa = PBXGroup;
			children = (
				4A30733C20CF73EA00ABB135 /* CCImagePreview */,
				4A30733B20CF73EA00ABB135 /* Products */,
				95A901B6456FDCC79AFB6325 /* Pods */,
				46D8D63A82B06FBB05D6907D /* Frameworks */,
			);
			sourceTree = "<group>";
		};
		4A30733B20CF73EA00ABB135 /* Products */ = {
			isa = PBXGroup;
			children = (
				4A30733A20CF73EA00ABB135 /* CCImagePreview.app */,
			);
			name = Products;
			sourceTree = "<group>";
		};
		4A30733C20CF73EA00ABB135 /* CCImagePreview */ = {
			isa = PBXGroup;
			children = (
				4A30734F20CF741F00ABB135 /* AppDelegate.swift */,
				4AA5382120D2546800EF65F2 /* ViewController.swift */,
				4AA5382320D2547900EF65F2 /* Main.storyboard */,
				4A30735120CF741F00ABB135 /* CCImage.swift */,
				4A30735E20CFAAC100ABB135 /* CCImagePreviewCell+SDWebImage.swift */,
				4A30735220CF741F00ABB135 /* CCImagePreviewCell.swift */,
				4A30735320CF741F00ABB135 /* CCImagePreviewCollection.swift */,
				4A30735020CF741F00ABB135 /* CCImagePreviewController.swift */,
				4AFDC00020D51D1100359772 /* CCImagePreviewTransition.swift */,
				4A30734420CF73EA00ABB135 /* Assets.xcassets */,
				4A30734620CF73EA00ABB135 /* LaunchScreen.storyboard */,
				4A30734920CF73EA00ABB135 /* Info.plist */,
			);
			path = CCImagePreview;
			sourceTree = "<group>";
		};
		95A901B6456FDCC79AFB6325 /* Pods */ = {
			isa = PBXGroup;
			children = (
				96945CB9C256316F260A62F3 /* Pods-CCImagePreview.debug.xcconfig */,
				814DD8BAA05FC098B05F4844 /* Pods-CCImagePreview.release.xcconfig */,
			);
			name = Pods;
			sourceTree = "<group>";
		};
/* End PBXGroup section */

/* Begin PBXNativeTarget section */
		4A30733920CF73EA00ABB135 /* CCImagePreview */ = {
			isa = PBXNativeTarget;
			buildConfigurationList = 4A30734C20CF73EA00ABB135 /* Build configuration list for PBXNativeTarget "CCImagePreview" */;
			buildPhases = (
				A60937BB21FD7E65B4CE1461 /* [CP] Check Pods Manifest.lock */,
				4A30733620CF73EA00ABB135 /* Sources */,
				4A30733720CF73EA00ABB135 /* Frameworks */,
				4A30733820CF73EA00ABB135 /* Resources */,
				9305A1BBF41423D20868001F /* [CP] Embed Pods Frameworks */,
				C651F8C9B4D10BC72EA834C0 /* [CP] Copy Pods Resources */,
				4A30735D20CF9BD200ABB135 /* Integrate Reveal Server */,
			);
			buildRules = (
			);
			dependencies = (
			);
			name = CCImagePreview;
			productName = CCImagePreview;
			productReference = 4A30733A20CF73EA00ABB135 /* CCImagePreview.app */;
			productType = "com.apple.product-type.application";
		};
/* End PBXNativeTarget section */

/* Begin PBXProject section */
		4A30733220CF73EA00ABB135 /* Project object */ = {
			isa = PBXProject;
			attributes = {
				LastSwiftUpdateCheck = 0920;
				LastUpgradeCheck = 0920;
				ORGANIZATIONNAME = BaiYiYuan;
				TargetAttributes = {
					4A30733920CF73EA00ABB135 = {
						CreatedOnToolsVersion = 9.2;
						LastSwiftMigration = 0920;
						ProvisioningStyle = Automatic;
					};
				};
			};
			buildConfigurationList = 4A30733520CF73EA00ABB135 /* Build configuration list for PBXProject "CCImagePreview" */;
			compatibilityVersion = "Xcode 8.0";
			developmentRegion = en;
			hasScannedForEncodings = 0;
			knownRegions = (
				en,
				Base,
			);
			mainGroup = 4A30733120CF73EA00ABB135;
			productRefGroup = 4A30733B20CF73EA00ABB135 /* Products */;
			projectDirPath = "";
			projectRoot = "";
			targets = (
				4A30733920CF73EA00ABB135 /* CCImagePreview */,
			);
		};
/* End PBXProject section */

/* Begin PBXResourcesBuildPhase section */
		4A30733820CF73EA00ABB135 /* Resources */ = {
			isa = PBXResourcesBuildPhase;
			buildActionMask = 2147483647;
			files = (
				4AA5382420D2547900EF65F2 /* Main.storyboard in Resources */,
				4A30734820CF73EA00ABB135 /* LaunchScreen.storyboard in Resources */,
				4A30734520CF73EA00ABB135 /* Assets.xcassets in Resources */,
			);
			runOnlyForDeploymentPostprocessing = 0;
		};
/* End PBXResourcesBuildPhase section */

/* Begin PBXShellScriptBuildPhase section */
		4A30735D20CF9BD200ABB135 /* Integrate Reveal Server */ = {
			isa = PBXShellScriptBuildPhase;
			buildActionMask = 2147483647;
			files = (
			);
			inputPaths = (
			);
			name = "Integrate Reveal Server";
			outputPaths = (
			);
			runOnlyForDeploymentPostprocessing = 0;
			shellPath = /bin/sh;
			shellScript = "REVEAL_APP_PATH=$(mdfind kMDItemCFBundleIdentifier=\"com.ittybittyapps.Reveal2\" | head -n 1)\nBUILD_SCRIPT_PATH=\"${REVEAL_APP_PATH}/Contents/SharedSupport/Scripts/reveal_server_build_phase.sh\"\nif [ \"${REVEAL_APP_PATH}\" -a -e \"${BUILD_SCRIPT_PATH}\" ]; then\n\"${BUILD_SCRIPT_PATH}\"\nelse\necho \"Reveal Server not loaded: Cannot find a compatible Reveal app.\"\nfi";
		};
		9305A1BBF41423D20868001F /* [CP] Embed Pods Frameworks */ = {
			isa = PBXShellScriptBuildPhase;
			buildActionMask = 2147483647;
			files = (
			);
			inputPaths = (
				"${SRCROOT}/Pods/Target Support Files/Pods-CCImagePreview/Pods-CCImagePreview-frameworks.sh",
				"${BUILT_PRODUCTS_DIR}/SDWebImage/SDWebImage.framework",
			);
			name = "[CP] Embed Pods Frameworks";
			outputPaths = (
				"${TARGET_BUILD_DIR}/${FRAMEWORKS_FOLDER_PATH}/SDWebImage.framework",
			);
			runOnlyForDeploymentPostprocessing = 0;
			shellPath = /bin/sh;
			shellScript = "\"${SRCROOT}/Pods/Target Support Files/Pods-CCImagePreview/Pods-CCImagePreview-frameworks.sh\"\n";
			showEnvVarsInLog = 0;
		};
		A60937BB21FD7E65B4CE1461 /* [CP] Check Pods Manifest.lock */ = {
			isa = PBXShellScriptBuildPhase;
			buildActionMask = 2147483647;
			files = (
			);
			inputPaths = (
				"${PODS_PODFILE_DIR_PATH}/Podfile.lock",
				"${PODS_ROOT}/Manifest.lock",
			);
			name = "[CP] Check Pods Manifest.lock";
			outputPaths = (
				"$(DERIVED_FILE_DIR)/Pods-CCImagePreview-checkManifestLockResult.txt",
			);
			runOnlyForDeploymentPostprocessing = 0;
			shellPath = /bin/sh;
			shellScript = "diff \"${PODS_PODFILE_DIR_PATH}/Podfile.lock\" \"${PODS_ROOT}/Manifest.lock\" > /dev/null\nif [ $? != 0 ] ; then\n    # print error to STDERR\n    echo \"error: The sandbox is not in sync with the Podfile.lock. Run 'pod install' or update your CocoaPods installation.\" >&2\n    exit 1\nfi\n# This output is used by Xcode 'outputs' to avoid re-running this script phase.\necho \"SUCCESS\" > \"${SCRIPT_OUTPUT_FILE_0}\"\n";
			showEnvVarsInLog = 0;
		};
		C651F8C9B4D10BC72EA834C0 /* [CP] Copy Pods Resources */ = {
			isa = PBXShellScriptBuildPhase;
			buildActionMask = 2147483647;
			files = (
			);
			inputPaths = (
			);
			name = "[CP] Copy Pods Resources";
			outputPaths = (
			);
			runOnlyForDeploymentPostprocessing = 0;
			shellPath = /bin/sh;
			shellScript = "\"${SRCROOT}/Pods/Target Support Files/Pods-CCImagePreview/Pods-CCImagePreview-resources.sh\"\n";
			showEnvVarsInLog = 0;
		};
/* End PBXShellScriptBuildPhase section */

/* Begin PBXSourcesBuildPhase section */
		4A30733620CF73EA00ABB135 /* Sources */ = {
			isa = PBXSourcesBuildPhase;
			buildActionMask = 2147483647;
			files = (
				4A30735A20CF741F00ABB135 /* CCImagePreviewCollection.swift in Sources */,
				4A30735820CF741F00ABB135 /* CCImage.swift in Sources */,
				4A30735F20CFAAC100ABB135 /* CCImagePreviewCell+SDWebImage.swift in Sources */,
				4A30735720CF741F00ABB135 /* CCImagePreviewController.swift in Sources */,
				4A30735920CF741F00ABB135 /* CCImagePreviewCell.swift in Sources */,
				4AA5382220D2546800EF65F2 /* ViewController.swift in Sources */,
				4A30735620CF741F00ABB135 /* AppDelegate.swift in Sources */,
				4AFDC00120D51D1100359772 /* CCImagePreviewTransition.swift in Sources */,
			);
			runOnlyForDeploymentPostprocessing = 0;
		};
/* End PBXSourcesBuildPhase section */

/* Begin PBXVariantGroup section */
		4A30734620CF73EA00ABB135 /* LaunchScreen.storyboard */ = {
			isa = PBXVariantGroup;
			children = (
				4A30734720CF73EA00ABB135 /* Base */,
			);
			name = LaunchScreen.storyboard;
			sourceTree = "<group>";
		};
/* End PBXVariantGroup section */

/* Begin XCBuildConfiguration section */
		4A30734A20CF73EA00ABB135 /* Debug */ = {
			isa = XCBuildConfiguration;
			buildSettings = {
				ALWAYS_SEARCH_USER_PATHS = NO;
				CLANG_ANALYZER_NONNULL = YES;
				CLANG_ANALYZER_NUMBER_OBJECT_CONVERSION = YES_AGGRESSIVE;
				CLANG_CXX_LANGUAGE_STANDARD = "gnu++14";
				CLANG_CXX_LIBRARY = "libc++";
				CLANG_ENABLE_MODULES = YES;
				CLANG_ENABLE_OBJC_ARC = YES;
				CLANG_WARN_BLOCK_CAPTURE_AUTORELEASING = YES;
				CLANG_WARN_BOOL_CONVERSION = YES;
				CLANG_WARN_COMMA = YES;
				CLANG_WARN_CONSTANT_CONVERSION = YES;
				CLANG_WARN_DIRECT_OBJC_ISA_USAGE = YES_ERROR;
				CLANG_WARN_DOCUMENTATION_COMMENTS = YES;
				CLANG_WARN_EMPTY_BODY = YES;
				CLANG_WARN_ENUM_CONVERSION = YES;
				CLANG_WARN_INFINITE_RECURSION = YES;
				CLANG_WARN_INT_CONVERSION = YES;
				CLANG_WARN_NON_LITERAL_NULL_CONVERSION = YES;
				CLANG_WARN_OBJC_LITERAL_CONVERSION = YES;
				CLANG_WARN_OBJC_ROOT_CLASS = YES_ERROR;
				CLANG_WARN_RANGE_LOOP_ANALYSIS = YES;
				CLANG_WARN_STRICT_PROTOTYPES = YES;
				CLANG_WARN_SUSPICIOUS_MOVE = YES;
				CLANG_WARN_UNGUARDED_AVAILABILITY = YES_AGGRESSIVE;
				CLANG_WARN_UNREACHABLE_CODE = YES;
				CLANG_WARN__DUPLICATE_METHOD_MATCH = YES;
				CODE_SIGN_IDENTITY = "iPhone Developer";
				COPY_PHASE_STRIP = NO;
				DEBUG_INFORMATION_FORMAT = dwarf;
				ENABLE_STRICT_OBJC_MSGSEND = YES;
				ENABLE_TESTABILITY = YES;
				GCC_C_LANGUAGE_STANDARD = gnu11;
				GCC_DYNAMIC_NO_PIC = NO;
				GCC_NO_COMMON_BLOCKS = YES;
				GCC_OPTIMIZATION_LEVEL = 0;
				GCC_PREPROCESSOR_DEFINITIONS = (
					"DEBUG=1",
					"$(inherited)",
				);
				GCC_WARN_64_TO_32_BIT_CONVERSION = YES;
				GCC_WARN_ABOUT_RETURN_TYPE = YES_ERROR;
				GCC_WARN_UNDECLARED_SELECTOR = YES;
				GCC_WARN_UNINITIALIZED_AUTOS = YES_AGGRESSIVE;
				GCC_WARN_UNUSED_FUNCTION = YES;
				GCC_WARN_UNUSED_VARIABLE = YES;
				IPHONEOS_DEPLOYMENT_TARGET = 9.0;
				MTL_ENABLE_DEBUG_INFO = YES;
				ONLY_ACTIVE_ARCH = YES;
				SDKROOT = iphoneos;
				SWIFT_ACTIVE_COMPILATION_CONDITIONS = DEBUG;
				SWIFT_OPTIMIZATION_LEVEL = "-Onone";
			};
			name = Debug;
		};
		4A30734B20CF73EA00ABB135 /* Release */ = {
			isa = XCBuildConfiguration;
			buildSettings = {
				ALWAYS_SEARCH_USER_PATHS = NO;
				CLANG_ANALYZER_NONNULL = YES;
				CLANG_ANALYZER_NUMBER_OBJECT_CONVERSION = YES_AGGRESSIVE;
				CLANG_CXX_LANGUAGE_STANDARD = "gnu++14";
				CLANG_CXX_LIBRARY = "libc++";
				CLANG_ENABLE_MODULES = YES;
				CLANG_ENABLE_OBJC_ARC = YES;
				CLANG_WARN_BLOCK_CAPTURE_AUTORELEASING = YES;
				CLANG_WARN_BOOL_CONVERSION = YES;
				CLANG_WARN_COMMA = YES;
				CLANG_WARN_CONSTANT_CONVERSION = YES;
				CLANG_WARN_DIRECT_OBJC_ISA_USAGE = YES_ERROR;
				CLANG_WARN_DOCUMENTATION_COMMENTS = YES;
				CLANG_WARN_EMPTY_BODY = YES;
				CLANG_WARN_ENUM_CONVERSION = YES;
				CLANG_WARN_INFINITE_RECURSION = YES;
				CLANG_WARN_INT_CONVERSION = YES;
				CLANG_WARN_NON_LITERAL_NULL_CONVERSION = YES;
				CLANG_WARN_OBJC_LITERAL_CONVERSION = YES;
				CLANG_WARN_OBJC_ROOT_CLASS = YES_ERROR;
				CLANG_WARN_RANGE_LOOP_ANALYSIS = YES;
				CLANG_WARN_STRICT_PROTOTYPES = YES;
				CLANG_WARN_SUSPICIOUS_MOVE = YES;
				CLANG_WARN_UNGUARDED_AVAILABILITY = YES_AGGRESSIVE;
				CLANG_WARN_UNREACHABLE_CODE = YES;
				CLANG_WARN__DUPLICATE_METHOD_MATCH = YES;
				CODE_SIGN_IDENTITY = "iPhone Developer";
				COPY_PHASE_STRIP = NO;
				DEBUG_INFORMATION_FORMAT = "dwarf-with-dsym";
				ENABLE_NS_ASSERTIONS = NO;
				ENABLE_STRICT_OBJC_MSGSEND = YES;
				GCC_C_LANGUAGE_STANDARD = gnu11;
				GCC_NO_COMMON_BLOCKS = YES;
				GCC_WARN_64_TO_32_BIT_CONVERSION = YES;
				GCC_WARN_ABOUT_RETURN_TYPE = YES_ERROR;
				GCC_WARN_UNDECLARED_SELECTOR = YES;
				GCC_WARN_UNINITIALIZED_AUTOS = YES_AGGRESSIVE;
				GCC_WARN_UNUSED_FUNCTION = YES;
				GCC_WARN_UNUSED_VARIABLE = YES;
				IPHONEOS_DEPLOYMENT_TARGET = 9.0;
				MTL_ENABLE_DEBUG_INFO = NO;
				SDKROOT = iphoneos;
				SWIFT_OPTIMIZATION_LEVEL = "-Owholemodule";
				VALIDATE_PRODUCT = YES;
			};
			name = Release;
		};
		4A30734D20CF73EA00ABB135 /* Debug */ = {
			isa = XCBuildConfiguration;
			baseConfigurationReference = 96945CB9C256316F260A62F3 /* Pods-CCImagePreview.debug.xcconfig */;
			buildSettings = {
				ASSETCATALOG_COMPILER_APPICON_NAME = AppIcon;
				CLANG_ENABLE_MODULES = YES;
				CODE_SIGN_STYLE = Automatic;
				DEVELOPMENT_TEAM = 658Q7J5C89;
				INFOPLIST_FILE = CCImagePreview/Info.plist;
				LD_RUNPATH_SEARCH_PATHS = "$(inherited) @executable_path/Frameworks";
				PRODUCT_BUNDLE_IDENTIFIER = cn.maongonob.ccImagePreview;
				PRODUCT_NAME = "$(TARGET_NAME)";
				SWIFT_OPTIMIZATION_LEVEL = "-Onone";
				SWIFT_VERSION = 4.0;
				TARGETED_DEVICE_FAMILY = "1,2";
			};
			name = Debug;
		};
		4A30734E20CF73EA00ABB135 /* Release */ = {
			isa = XCBuildConfiguration;
			baseConfigurationReference = 814DD8BAA05FC098B05F4844 /* Pods-CCImagePreview.release.xcconfig */;
			buildSettings = {
				ASSETCATALOG_COMPILER_APPICON_NAME = AppIcon;
				CLANG_ENABLE_MODULES = YES;
				CODE_SIGN_STYLE = Automatic;
				DEVELOPMENT_TEAM = 658Q7J5C89;
				INFOPLIST_FILE = CCImagePreview/Info.plist;
				LD_RUNPATH_SEARCH_PATHS = "$(inherited) @executable_path/Frameworks";
				PRODUCT_BUNDLE_IDENTIFIER = cn.maongonob.ccImagePreview;
				PRODUCT_NAME = "$(TARGET_NAME)";
				SWIFT_VERSION = 4.0;
				TARGETED_DEVICE_FAMILY = "1,2";
			};
			name = Release;
		};
/* End XCBuildConfiguration section */

/* Begin XCConfigurationList section */
		4A30733520CF73EA00ABB135 /* Build configuration list for PBXProject "CCImagePreview" */ = {
			isa = XCConfigurationList;
			buildConfigurations = (
				4A30734A20CF73EA00ABB135 /* Debug */,
				4A30734B20CF73EA00ABB135 /* Release */,
			);
			defaultConfigurationIsVisible = 0;
			defaultConfigurationName = Release;
		};
		4A30734C20CF73EA00ABB135 /* Build configuration list for PBXNativeTarget "CCImagePreview" */ = {
			isa = XCConfigurationList;
			buildConfigurations = (
				4A30734D20CF73EA00ABB135 /* Debug */,
				4A30734E20CF73EA00ABB135 /* Release */,
			);
			defaultConfigurationIsVisible = 0;
			defaultConfigurationName = Release;
		};
/* End XCConfigurationList section */
	};
	rootObject = 4A30733220CF73EA00ABB135 /* Project object */;
}
